// !$*UTF8*$!
{
	archiveVersion = 1;
	classes = {
	};
	objectVersion = 50;
	objects = {

/* Begin PBXBuildFile section */
		A4437A65263BA6EA00EFFA94 /* UIColor+LNG.swift in Sources */ = {isa = PBXBuildFile; fileRef = A4437A64263BA6EA00EFFA94 /* UIColor+LNG.swift */; };
		A4437A6C263BA7D000EFFA94 /* UILabel+LNG.swift in Sources */ = {isa = PBXBuildFile; fileRef = A4437A6B263BA7D000EFFA94 /* UILabel+LNG.swift */; };
		A4437A6F263BA88B00EFFA94 /* UITabBar+LNG.swift in Sources */ = {isa = PBXBuildFile; fileRef = A4437A6E263BA88B00EFFA94 /* UITabBar+LNG.swift */; };
		A4437A72263BA8D900EFFA94 /* Device+LNG.swift in Sources */ = {isa = PBXBuildFile; fileRef = A4437A71263BA8D900EFFA94 /* Device+LNG.swift */; };
		A4437A75263BAC5E00EFFA94 /* UIViewController+LNG.swift in Sources */ = {isa = PBXBuildFile; fileRef = A4437A74263BAC5E00EFFA94 /* UIViewController+LNG.swift */; };
		A4437A78263BACCD00EFFA94 /* VCMake.swift in Sources */ = {isa = PBXBuildFile; fileRef = A4437A77263BACCD00EFFA94 /* VCMake.swift */; };
		A48D8CA8263904C90038158A /* LNGView.m in Sources */ = {isa = PBXBuildFile; fileRef = A48D8CA7263904C90038158A /* LNGView.m */; };
		A4D17A49263807D900B4259C /* AppDelegate.swift in Sources */ = {isa = PBXBuildFile; fileRef = A4D17A48263807D900B4259C /* AppDelegate.swift */; };
		A4D17A4B263807D900B4259C /* SceneDelegate.swift in Sources */ = {isa = PBXBuildFile; fileRef = A4D17A4A263807D900B4259C /* SceneDelegate.swift */; };
		A4D17A4D263807D900B4259C /* ViewController.swift in Sources */ = {isa = PBXBuildFile; fileRef = A4D17A4C263807D900B4259C /* ViewController.swift */; };
		A4D17A50263807D900B4259C /* Main.storyboard in Resources */ = {isa = PBXBuildFile; fileRef = A4D17A4E263807D900B4259C /* Main.storyboard */; };
		A4D17A52263807D900B4259C /* Assets.xcassets in Resources */ = {isa = PBXBuildFile; fileRef = A4D17A51263807D900B4259C /* Assets.xcassets */; };
		A4D17A55263807D900B4259C /* LaunchScreen.storyboard in Resources */ = {isa = PBXBuildFile; fileRef = A4D17A53263807D900B4259C /* LaunchScreen.storyboard */; };
		A4F077462639571D00EFD834 /* LNGWindowManager.swift in Sources */ = {isa = PBXBuildFile; fileRef = A4F077422639571C00EFD834 /* LNGWindowManager.swift */; };
		A4F077842639660900EFD834 /* UIView+LNG.swift in Sources */ = {isa = PBXBuildFile; fileRef = A4F077832639660900EFD834 /* UIView+LNG.swift */; };
		A4F077C9263A8EC400EFD834 /* UIImage+LNG.swift in Sources */ = {isa = PBXBuildFile; fileRef = A4F077C8263A8EC400EFD834 /* UIImage+LNG.swift */; };
		A4FDE58926672DD90062970C /* LNGFileManager.swift in Sources */ = {isa = PBXBuildFile; fileRef = A4FDE58826672DD90062970C /* LNGFileManager.swift */; };
/* End PBXBuildFile section */

/* Begin PBXFileReference section */
		A4437A64263BA6EA00EFFA94 /* UIColor+LNG.swift */ = {isa = PBXFileReference; lastKnownFileType = sourcecode.swift; path = "UIColor+LNG.swift"; sourceTree = "<group>"; };
		A4437A6B263BA7D000EFFA94 /* UILabel+LNG.swift */ = {isa = PBXFileReference; lastKnownFileType = sourcecode.swift; path = "UILabel+LNG.swift"; sourceTree = "<group>"; };
		A4437A6E263BA88B00EFFA94 /* UITabBar+LNG.swift */ = {isa = PBXFileReference; lastKnownFileType = sourcecode.swift; path = "UITabBar+LNG.swift"; sourceTree = "<group>"; };
		A4437A71263BA8D900EFFA94 /* Device+LNG.swift */ = {isa = PBXFileReference; lastKnownFileType = sourcecode.swift; path = "Device+LNG.swift"; sourceTree = "<group>"; };
		A4437A74263BAC5E00EFFA94 /* UIViewController+LNG.swift */ = {isa = PBXFileReference; lastKnownFileType = sourcecode.swift; path = "UIViewController+LNG.swift"; sourceTree = "<group>"; };
		A4437A77263BACCD00EFFA94 /* VCMake.swift */ = {isa = PBXFileReference; lastKnownFileType = sourcecode.swift; path = VCMake.swift; sourceTree = "<group>"; };
		A48D8CA5263904C80038158A /* LNGKit-Bridging-Header.h */ = {isa = PBXFileReference; lastKnownFileType = sourcecode.c.h; path = "LNGKit-Bridging-Header.h"; sourceTree = "<group>"; };
		A48D8CA6263904C90038158A /* LNGView.h */ = {isa = PBXFileReference; lastKnownFileType = sourcecode.c.h; path = LNGView.h; sourceTree = "<group>"; };
		A48D8CA7263904C90038158A /* LNGView.m */ = {isa = PBXFileReference; lastKnownFileType = sourcecode.c.objc; path = LNGView.m; sourceTree = "<group>"; };
		A4D17A45263807D900B4259C /* LNGKit.app */ = {isa = PBXFileReference; explicitFileType = wrapper.application; includeInIndex = 0; path = LNGKit.app; sourceTree = BUILT_PRODUCTS_DIR; };
		A4D17A48263807D900B4259C /* AppDelegate.swift */ = {isa = PBXFileReference; lastKnownFileType = sourcecode.swift; path = AppDelegate.swift; sourceTree = "<group>"; };
		A4D17A4A263807D900B4259C /* SceneDelegate.swift */ = {isa = PBXFileReference; lastKnownFileType = sourcecode.swift; path = SceneDelegate.swift; sourceTree = "<group>"; };
		A4D17A4C263807D900B4259C /* ViewController.swift */ = {isa = PBXFileReference; lastKnownFileType = sourcecode.swift; path = ViewController.swift; sourceTree = "<group>"; };
		A4D17A4F263807D900B4259C /* Base */ = {isa = PBXFileReference; lastKnownFileType = file.storyboard; name = Base; path = Base.lproj/Main.storyboard; sourceTree = "<group>"; };
		A4D17A51263807D900B4259C /* Assets.xcassets */ = {isa = PBXFileReference; lastKnownFileType = folder.assetcatalog; path = Assets.xcassets; sourceTree = "<group>"; };
		A4D17A54263807D900B4259C /* Base */ = {isa = PBXFileReference; lastKnownFileType = file.storyboard; name = Base; path = Base.lproj/LaunchScreen.storyboard; sourceTree = "<group>"; };
		A4D17A56263807D900B4259C /* Info.plist */ = {isa = PBXFileReference; lastKnownFileType = text.plist.xml; path = Info.plist; sourceTree = "<group>"; };
		A4F077422639571C00EFD834 /* LNGWindowManager.swift */ = {isa = PBXFileReference; fileEncoding = 4; lastKnownFileType = sourcecode.swift; path = LNGWindowManager.swift; sourceTree = "<group>"; };
		A4F077832639660900EFD834 /* UIView+LNG.swift */ = {isa = PBXFileReference; lastKnownFileType = sourcecode.swift; path = "UIView+LNG.swift"; sourceTree = "<group>"; };
		A4F077C8263A8EC400EFD834 /* UIImage+LNG.swift */ = {isa = PBXFileReference; lastKnownFileType = sourcecode.swift; path = "UIImage+LNG.swift"; sourceTree = "<group>"; };
		A4FDE58826672DD90062970C /* LNGFileManager.swift */ = {isa = PBXFileReference; lastKnownFileType = sourcecode.swift; path = LNGFileManager.swift; sourceTree = "<group>"; };
/* End PBXFileReference section */

/* Begin PBXFrameworksBuildPhase section */
		A4D17A42263807D900B4259C /* Frameworks */ = {
			isa = PBXFrameworksBuildPhase;
			buildActionMask = 2147483647;
			files = (
			);
			runOnlyForDeploymentPostprocessing = 0;
		};
/* End PBXFrameworksBuildPhase section */

/* Begin PBXGroup section */
		A4D17A3C263807D900B4259C = {
			isa = PBXGroup;
			children = (
				A4D17A47263807D900B4259C /* LNGKit */,
				A4D17A46263807D900B4259C /* Products */,
			);
			sourceTree = "<group>";
		};
		A4D17A46263807D900B4259C /* Products */ = {
			isa = PBXGroup;
			children = (
				A4D17A45263807D900B4259C /* LNGKit.app */,
			);
			name = Products;
			sourceTree = "<group>";
		};
		A4D17A47263807D900B4259C /* LNGKit */ = {
			isa = PBXGroup;
			children = (
				A4D17A5F263808C700B4259C /* LNGKit */,
				A4D17A48263807D900B4259C /* AppDelegate.swift */,
				A4D17A4A263807D900B4259C /* SceneDelegate.swift */,
				A4D17A4C263807D900B4259C /* ViewController.swift */,
				A48D8CA6263904C90038158A /* LNGView.h */,
				A48D8CA7263904C90038158A /* LNGView.m */,
				A4D17A4E263807D900B4259C /* Main.storyboard */,
				A4D17A51263807D900B4259C /* Assets.xcassets */,
				A4D17A53263807D900B4259C /* LaunchScreen.storyboard */,
				A4D17A56263807D900B4259C /* Info.plist */,
				A48D8CA5263904C80038158A /* LNGKit-Bridging-Header.h */,
			);
			path = LNGKit;
			sourceTree = "<group>";
		};
		A4D17A5F263808C700B4259C /* LNGKit */ = {
			isa = PBXGroup;
			children = (
				A4F077422639571C00EFD834 /* LNGWindowManager.swift */,
				A4FDE58826672DD90062970C /* LNGFileManager.swift */,
				A4F077832639660900EFD834 /* UIView+LNG.swift */,
				A4F077C8263A8EC400EFD834 /* UIImage+LNG.swift */,
				A4437A64263BA6EA00EFFA94 /* UIColor+LNG.swift */,
				A4437A6B263BA7D000EFFA94 /* UILabel+LNG.swift */,
				A4437A6E263BA88B00EFFA94 /* UITabBar+LNG.swift */,
				A4437A71263BA8D900EFFA94 /* Device+LNG.swift */,
				A4437A74263BAC5E00EFFA94 /* UIViewController+LNG.swift */,
				A4437A77263BACCD00EFFA94 /* VCMake.swift */,
			);
			path = LNGKit;
			sourceTree = "<group>";
		};
/* End PBXGroup section */

/* Begin PBXNativeTarget section */
		A4D17A44263807D900B4259C /* LNGKit */ = {
			isa = PBXNativeTarget;
			buildConfigurationList = A4D17A59263807D900B4259C /* Build configuration list for PBXNativeTarget "LNGKit" */;
			buildPhases = (
				A4D17A41263807D900B4259C /* Sources */,
				A4D17A42263807D900B4259C /* Frameworks */,
				A4D17A43263807D900B4259C /* Resources */,
			);
			buildRules = (
			);
			dependencies = (
			);
			name = LNGKit;
			productName = LNGKit;
			productReference = A4D17A45263807D900B4259C /* LNGKit.app */;
			productType = "com.apple.product-type.application";
		};
/* End PBXNativeTarget section */

/* Begin PBXProject section */
		A4D17A3D263807D900B4259C /* Project object */ = {
			isa = PBXProject;
			attributes = {
				LastSwiftUpdateCheck = 1240;
				LastUpgradeCheck = 1240;
				TargetAttributes = {
					A4D17A44263807D900B4259C = {
						CreatedOnToolsVersion = 12.4;
						LastSwiftMigration = 1240;
					};
				};
			};
			buildConfigurationList = A4D17A40263807D900B4259C /* Build configuration list for PBXProject "LNGKit" */;
			compatibilityVersion = "Xcode 9.3";
			developmentRegion = en;
			hasScannedForEncodings = 0;
			knownRegions = (
				en,
				Base,
			);
			mainGroup = A4D17A3C263807D900B4259C;
			productRefGroup = A4D17A46263807D900B4259C /* Products */;
			projectDirPath = "";
			projectRoot = "";
			targets = (
				A4D17A44263807D900B4259C /* LNGKit */,
			);
		};
/* End PBXProject section */

/* Begin PBXResourcesBuildPhase section */
		A4D17A43263807D900B4259C /* Resources */ = {
			isa = PBXResourcesBuildPhase;
			buildActionMask = 2147483647;
			files = (
				A4D17A55263807D900B4259C /* LaunchScreen.storyboard in Resources */,
				A4D17A52263807D900B4259C /* Assets.xcassets in Resources */,
				A4D17A50263807D900B4259C /* Main.storyboard in Resources */,
			);
			runOnlyForDeploymentPostprocessing = 0;
		};
/* End PBXResourcesBuildPhase section */

/* Begin PBXSourcesBuildPhase section */
		A4D17A41263807D900B4259C /* Sources */ = {
			isa = PBXSourcesBuildPhase;
			buildActionMask = 2147483647;
			files = (
				A4D17A4D263807D900B4259C /* ViewController.swift in Sources */,
				A4437A78263BACCD00EFFA94 /* VCMake.swift in Sources */,
				A4D17A49263807D900B4259C /* AppDelegate.swift in Sources */,
				A4D17A4B263807D900B4259C /* SceneDelegate.swift in Sources */,
				A4F077462639571D00EFD834 /* LNGWindowManager.swift in Sources */,
				A4FDE58926672DD90062970C /* LNGFileManager.swift in Sources */,
				A4F077C9263A8EC400EFD834 /* UIImage+LNG.swift in Sources */,
				A4437A6C263BA7D000EFFA94 /* UILabel+LNG.swift in Sources */,
				A4437A75263BAC5E00EFFA94 /* UIViewController+LNG.swift in Sources */,
				A4437A65263BA6EA00EFFA94 /* UIColor+LNG.swift in Sources */,
				A4437A72263BA8D900EFFA94 /* Device+LNG.swift in Sources */,
				A4F077842639660900EFD834 /* UIView+LNG.swift in Sources */,
				A48D8CA8263904C90038158A /* LNGView.m in Sources */,
				A4437A6F263BA88B00EFFA94 /* UITabBar+LNG.swift in Sources */,
			);
			runOnlyForDeploymentPostprocessing = 0;
		};
/* End PBXSourcesBuildPhase section */

/* Begin PBXVariantGroup section */
		A4D17A4E263807D900B4259C /* Main.storyboard */ = {
			isa = PBXVariantGroup;
			children = (
				A4D17A4F263807D900B4259C /* Base */,
			);
			name = Main.storyboard;
			sourceTree = "<group>";
		};
		A4D17A53263807D900B4259C /* LaunchScreen.storyboard */ = {
			isa = PBXVariantGroup;
			children = (
				A4D17A54263807D900B4259C /* Base */,
			);
			name = LaunchScreen.storyboard;
			sourceTree = "<group>";
		};
/* End PBXVariantGroup section */

/* Begin XCBuildConfiguration section */
		A4D17A57263807D900B4259C /* Debug */ = {
			isa = XCBuildConfiguration;
			buildSettings = {
				ALWAYS_SEARCH_USER_PATHS = NO;
				CLANG_ANALYZER_NONNULL = YES;
				CLANG_ANALYZER_NUMBER_OBJECT_CONVERSION = YES_AGGRESSIVE;
				CLANG_CXX_LANGUAGE_STANDARD = "gnu++14";
				CLANG_CXX_LIBRARY = "libc++";
				CLANG_ENABLE_MODULES = YES;
				CLANG_ENABLE_OBJC_ARC = YES;
				CLANG_ENABLE_OBJC_WEAK = YES;
				CLANG_WARN_BLOCK_CAPTURE_AUTORELEASING = YES;
				CLANG_WARN_BOOL_CONVERSION = YES;
				CLANG_WARN_COMMA = YES;
				CLANG_WARN_CONSTANT_CONVERSION = YES;
				CLANG_WARN_DEPRECATED_OBJC_IMPLEMENTATIONS = YES;
				CLANG_WARN_DIRECT_OBJC_ISA_USAGE = YES_ERROR;
				CLANG_WARN_DOCUMENTATION_COMMENTS = YES;
				CLANG_WARN_EMPTY_BODY = YES;
				CLANG_WARN_ENUM_CONVERSION = YES;
				CLANG_WARN_INFINITE_RECURSION = YES;
				CLANG_WARN_INT_CONVERSION = YES;
				CLANG_WARN_NON_LITERAL_NULL_CONVERSION = YES;
				CLANG_WARN_OBJC_IMPLICIT_RETAIN_SELF = YES;
				CLANG_WARN_OBJC_LITERAL_CONVERSION = YES;
				CLANG_WARN_OBJC_ROOT_CLASS = YES_ERROR;
				CLANG_WARN_QUOTED_INCLUDE_IN_FRAMEWORK_HEADER = YES;
				CLANG_WARN_RANGE_LOOP_ANALYSIS = YES;
				CLANG_WARN_STRICT_PROTOTYPES = YES;
				CLANG_WARN_SUSPICIOUS_MOVE = YES;
				CLANG_WARN_UNGUARDED_AVAILABILITY = YES_AGGRESSIVE;
				CLANG_WARN_UNREACHABLE_CODE = YES;
				CLANG_WARN__DUPLICATE_METHOD_MATCH = YES;
				COPY_PHASE_STRIP = NO;
				DEBUG_INFORMATION_FORMAT = dwarf;
				ENABLE_STRICT_OBJC_MSGSEND = YES;
				ENABLE_TESTABILITY = YES;
				GCC_C_LANGUAGE_STANDARD = gnu11;
				GCC_DYNAMIC_NO_PIC = NO;
				GCC_NO_COMMON_BLOCKS = YES;
				GCC_OPTIMIZATION_LEVEL = 0;
				GCC_PREPROCESSOR_DEFINITIONS = (
					"DEBUG=1",
					"$(inherited)",
				);
				GCC_WARN_64_TO_32_BIT_CONVERSION = YES;
				GCC_WARN_ABOUT_RETURN_TYPE = YES_ERROR;
				GCC_WARN_UNDECLARED_SELECTOR = YES;
				GCC_WARN_UNINITIALIZED_AUTOS = YES_AGGRESSIVE;
				GCC_WARN_UNUSED_FUNCTION = YES;
				GCC_WARN_UNUSED_VARIABLE = YES;
				IPHONEOS_DEPLOYMENT_TARGET = 11.0;
				MTL_ENABLE_DEBUG_INFO = INCLUDE_SOURCE;
				MTL_FAST_MATH = YES;
				ONLY_ACTIVE_ARCH = YES;
				SDKROOT = iphoneos;
				SWIFT_ACTIVE_COMPILATION_CONDITIONS = DEBUG;
				SWIFT_OPTIMIZATION_LEVEL = "-Onone";
			};
			name = Debug;
		};
		A4D17A58263807D900B4259C /* Release */ = {
			isa = XCBuildConfiguration;
			buildSettings = {
				ALWAYS_SEARCH_USER_PATHS = NO;
				CLANG_ANALYZER_NONNULL = YES;
				CLANG_ANALYZER_NUMBER_OBJECT_CONVERSION = YES_AGGRESSIVE;
				CLANG_CXX_LANGUAGE_STANDARD = "gnu++14";
				CLANG_CXX_LIBRARY = "libc++";
				CLANG_ENABLE_MODULES = YES;
				CLANG_ENABLE_OBJC_ARC = YES;
				CLANG_ENABLE_OBJC_WEAK = YES;
				CLANG_WARN_BLOCK_CAPTURE_AUTORELEASING = YES;
				CLANG_WARN_BOOL_CONVERSION = YES;
				CLANG_WARN_COMMA = YES;
				CLANG_WARN_CONSTANT_CONVERSION = YES;
				CLANG_WARN_DEPRECATED_OBJC_IMPLEMENTATIONS = YES;
				CLANG_WARN_DIRECT_OBJC_ISA_USAGE = YES_ERROR;
				CLANG_WARN_DOCUMENTATION_COMMENTS = YES;
				CLANG_WARN_EMPTY_BODY = YES;
				CLANG_WARN_ENUM_CONVERSION = YES;
				CLANG_WARN_INFINITE_RECURSION = YES;
				CLANG_WARN_INT_CONVERSION = YES;
				CLANG_WARN_NON_LITERAL_NULL_CONVERSION = YES;
				CLANG_WARN_OBJC_IMPLICIT_RETAIN_SELF = YES;
				CLANG_WARN_OBJC_LITERAL_CONVERSION = YES;
				CLANG_WARN_OBJC_ROOT_CLASS = YES_ERROR;
				CLANG_WARN_QUOTED_INCLUDE_IN_FRAMEWORK_HEADER = YES;
				CLANG_WARN_RANGE_LOOP_ANALYSIS = YES;
				CLANG_WARN_STRICT_PROTOTYPES = YES;
				CLANG_WARN_SUSPICIOUS_MOVE = YES;
				CLANG_WARN_UNGUARDED_AVAILABILITY = YES_AGGRESSIVE;
				CLANG_WARN_UNREACHABLE_CODE = YES;
				CLANG_WARN__DUPLICATE_METHOD_MATCH = YES;
				COPY_PHASE_STRIP = NO;
				DEBUG_INFORMATION_FORMAT = "dwarf-with-dsym";
				ENABLE_NS_ASSERTIONS = NO;
				ENABLE_STRICT_OBJC_MSGSEND = YES;
				GCC_C_LANGUAGE_STANDARD = gnu11;
				GCC_NO_COMMON_BLOCKS = YES;
				GCC_WARN_64_TO_32_BIT_CONVERSION = YES;
				GCC_WARN_ABOUT_RETURN_TYPE = YES_ERROR;
				GCC_WARN_UNDECLARED_SELECTOR = YES;
				GCC_WARN_UNINITIALIZED_AUTOS = YES_AGGRESSIVE;
				GCC_WARN_UNUSED_FUNCTION = YES;
				GCC_WARN_UNUSED_VARIABLE = YES;
				IPHONEOS_DEPLOYMENT_TARGET = 11.0;
				MTL_ENABLE_DEBUG_INFO = NO;
				MTL_FAST_MATH = YES;
				SDKROOT = iphoneos;
				SWIFT_COMPILATION_MODE = wholemodule;
				SWIFT_OPTIMIZATION_LEVEL = "-O";
				VALIDATE_PRODUCT = YES;
			};
			name = Release;
		};
		A4D17A5A263807D900B4259C /* Debug */ = {
			isa = XCBuildConfiguration;
			buildSettings = {
				ASSETCATALOG_COMPILER_APPICON_NAME = AppIcon;
				ASSETCATALOG_COMPILER_GLOBAL_ACCENT_COLOR_NAME = AccentColor;
				CLANG_ENABLE_MODULES = YES;
				CODE_SIGN_STYLE = Automatic;
				DEVELOPMENT_TEAM = LSL9Y2Q8F4;
				INFOPLIST_FILE = LNGKit/Info.plist;
				IPHONEOS_DEPLOYMENT_TARGET = 11.0;
				LD_RUNPATH_SEARCH_PATHS = (
					"$(inherited)",
					"@executable_path/Frameworks",
				);
				PRODUCT_BUNDLE_IDENTIFIER = afea.LNGKit;
				PRODUCT_NAME = "$(TARGET_NAME)";
				SWIFT_OBJC_BRIDGING_HEADER = "LNGKit/LNGKit-Bridging-Header.h";
				SWIFT_OPTIMIZATION_LEVEL = "-Onone";
				SWIFT_VERSION = 5.0;
				TARGETED_DEVICE_FAMILY = "1,2";
			};
			name = Debug;
		};
		A4D17A5B263807D900B4259C /* Release */ = {
			isa = XCBuildConfiguration;
			buildSettings = {
				ASSETCATALOG_COMPILER_APPICON_NAME = AppIcon;
				ASSETCATALOG_COMPILER_GLOBAL_ACCENT_COLOR_NAME = AccentColor;
				CLANG_ENABLE_MODULES = YES;
				CODE_SIGN_STYLE = Automatic;
				DEVELOPMENT_TEAM = LSL9Y2Q8F4;
				INFOPLIST_FILE = LNGKit/Info.plist;
				IPHONEOS_DEPLOYMENT_TARGET = 11.0;
				LD_RUNPATH_SEARCH_PATHS = (
					"$(inherited)",
					"@executable_path/Frameworks",
				);
				PRODUCT_BUNDLE_IDENTIFIER = afea.LNGKit;
				PRODUCT_NAME = "$(TARGET_NAME)";
				SWIFT_OBJC_BRIDGING_HEADER = "LNGKit/LNGKit-Bridging-Header.h";
				SWIFT_VERSION = 5.0;
				TARGETED_DEVICE_FAMILY = "1,2";
			};
			name = Release;
		};
/* End XCBuildConfiguration section */

/* Begin XCConfigurationList section */
		A4D17A40263807D900B4259C /* Build configuration list for PBXProject "LNGKit" */ = {
			isa = XCConfigurationList;
			buildConfigurations = (
				A4D17A57263807D900B4259C /* Debug */,
				A4D17A58263807D900B4259C /* Release */,
			);
			defaultConfigurationIsVisible = 0;
			defaultConfigurationName = Release;
		};
		A4D17A59263807D900B4259C /* Build configuration list for PBXNativeTarget "LNGKit" */ = {
			isa = XCConfigurationList;
			buildConfigurations = (
				A4D17A5A263807D900B4259C /* Debug */,
				A4D17A5B263807D900B4259C /* Release */,
			);
			defaultConfigurationIsVisible = 0;
			defaultConfigurationName = Release;
		};
/* End XCConfigurationList section */
	};
	rootObject = A4D17A3D263807D900B4259C /* Project object */;
}
